hash: 115e36b635ce6c759bb89de76053eb89f688c5c5da201ee3193a2c0afc2d1cbf
updated: 2016-09-30T09:13:33.680953794+08:00
imports:
- name: github.com/alecthomas/kingpin
  version: e9044be3ab2a8e11d4e1f418d12f0790d57e8d70
- name: github.com/alecthomas/template
  version: a0175ee3bccc567396460bf5acd36800cb10c49c
  subpackages:
  - parse
- name: github.com/alecthomas/units
  version: 2efee857e7cfd4f3d0138cc3cbb1b4966962b93a
- name: github.com/moul/http2curl
  version: b1479103caacaa39319f75e7f57fc545287fca0d
- name: github.com/parnurzeal/gorequest
  version: 2aea80ce763523ecc6452e61c3727ae9595a5809
- name: github.com/toqueteos/webbrowser
  version: 21fc9f95c83442fd164094666f7cb4f9fdd56cd6
- name: golang.org/x/net
  version: a333c534c871727fb95745870e8b98a69447f2ce
  subpackages:
  - context
  - publicsuffix
testImports: []
